// !$*UTF8*$!
{
	archiveVersion = 1;
	classes = {
	};
	objectVersion = 50;
	objects = {

/* Begin PBXBuildFile section */
		2877561820FC2DA6000DF80E /* PaperOnboarding.framework in Frameworks */ = {isa = PBXBuildFile; fileRef = 2877561720FC2DA6000DF80E /* PaperOnboarding.framework */; };
		2877561920FC2DA6000DF80E /* PaperOnboarding.framework in Embed Frameworks */ = {isa = PBXBuildFile; fileRef = 2877561720FC2DA6000DF80E /* PaperOnboarding.framework */; settings = {ATTRIBUTES = (CodeSignOnCopy, RemoveHeadersOnCopy, ); }; };
		28927088210517FF009E9FE0 /* Onboarding.storyboard in Resources */ = {isa = PBXBuildFile; fileRef = 28927087210517FF009E9FE0 /* Onboarding.storyboard */; };
		2892708A21051C09009E9FE0 /* WalkthroughContentViewController.swift in Sources */ = {isa = PBXBuildFile; fileRef = 2892708921051C09009E9FE0 /* WalkthroughContentViewController.swift */; };
		2892708C2105228C009E9FE0 /* walkthroughPageViewController.swift in Sources */ = {isa = PBXBuildFile; fileRef = 2892708B2105228C009E9FE0 /* walkthroughPageViewController.swift */; };
		2892708E210527BE009E9FE0 /* walkthroughViewController.swift in Sources */ = {isa = PBXBuildFile; fileRef = 2892708D210527BE009E9FE0 /* walkthroughViewController.swift */; };
		289E3F9D20FC15E200E676F7 /* AppDelegate.swift in Sources */ = {isa = PBXBuildFile; fileRef = 289E3F9C20FC15E200E676F7 /* AppDelegate.swift */; };
		289E3F9F20FC15E200E676F7 /* MasterViewController.swift in Sources */ = {isa = PBXBuildFile; fileRef = 289E3F9E20FC15E200E676F7 /* MasterViewController.swift */; };
		289E3FA220FC15E200E676F7 /* Main.storyboard in Resources */ = {isa = PBXBuildFile; fileRef = 289E3FA020FC15E200E676F7 /* Main.storyboard */; };
		289E3FA420FC15E300E676F7 /* Assets.xcassets in Resources */ = {isa = PBXBuildFile; fileRef = 289E3FA320FC15E300E676F7 /* Assets.xcassets */; };
		289E3FA720FC15E300E676F7 /* LaunchScreen.storyboard in Resources */ = {isa = PBXBuildFile; fileRef = 289E3FA520FC15E300E676F7 /* LaunchScreen.storyboard */; };
		28E7309421067E2E00BB8804 /* Gradient.swift in Sources */ = {isa = PBXBuildFile; fileRef = 28E7309321067E2E00BB8804 /* Gradient.swift */; };
/* End PBXBuildFile section */

/* Begin PBXCopyFilesBuildPhase section */
		2877561A20FC2DA6000DF80E /* Embed Frameworks */ = {
			isa = PBXCopyFilesBuildPhase;
			buildActionMask = 2147483647;
			dstPath = "";
			dstSubfolderSpec = 10;
			files = (
				2877561920FC2DA6000DF80E /* PaperOnboarding.framework in Embed Frameworks */,
			);
			name = "Embed Frameworks";
			runOnlyForDeploymentPostprocessing = 0;
		};
/* End PBXCopyFilesBuildPhase section */

/* Begin PBXFileReference section */
		2877561720FC2DA6000DF80E /* PaperOnboarding.framework */ = {isa = PBXFileReference; lastKnownFileType = wrapper.framework; name = PaperOnboarding.framework; path = Carthage/Build/iOS/PaperOnboarding.framework; sourceTree = "<group>"; };
		28927087210517FF009E9FE0 /* Onboarding.storyboard */ = {isa = PBXFileReference; lastKnownFileType = file.storyboard; path = Onboarding.storyboard; sourceTree = "<group>"; };
		2892708921051C09009E9FE0 /* WalkthroughContentViewController.swift */ = {isa = PBXFileReference; lastKnownFileType = sourcecode.swift; path = WalkthroughContentViewController.swift; sourceTree = "<group>"; };
		2892708B2105228C009E9FE0 /* walkthroughPageViewController.swift */ = {isa = PBXFileReference; lastKnownFileType = sourcecode.swift; path = walkthroughPageViewController.swift; sourceTree = "<group>"; };
		2892708D210527BE009E9FE0 /* walkthroughViewController.swift */ = {isa = PBXFileReference; lastKnownFileType = sourcecode.swift; path = walkthroughViewController.swift; sourceTree = "<group>"; };
		289E3F9920FC15E200E676F7 /* draftPrototype.app */ = {isa = PBXFileReference; explicitFileType = wrapper.application; includeInIndex = 0; path = draftPrototype.app; sourceTree = BUILT_PRODUCTS_DIR; };
		289E3F9C20FC15E200E676F7 /* AppDelegate.swift */ = {isa = PBXFileReference; lastKnownFileType = sourcecode.swift; path = AppDelegate.swift; sourceTree = "<group>"; };
		289E3F9E20FC15E200E676F7 /* MasterViewController.swift */ = {isa = PBXFileReference; lastKnownFileType = sourcecode.swift; path = MasterViewController.swift; sourceTree = "<group>"; };
		289E3FA120FC15E200E676F7 /* Base */ = {isa = PBXFileReference; lastKnownFileType = file.storyboard; name = Base; path = Base.lproj/Main.storyboard; sourceTree = "<group>"; };
		289E3FA320FC15E300E676F7 /* Assets.xcassets */ = {isa = PBXFileReference; lastKnownFileType = folder.assetcatalog; path = Assets.xcassets; sourceTree = "<group>"; };
		289E3FA620FC15E300E676F7 /* Base */ = {isa = PBXFileReference; lastKnownFileType = file.storyboard; name = Base; path = Base.lproj/LaunchScreen.storyboard; sourceTree = "<group>"; };
		289E3FA820FC15E300E676F7 /* Info.plist */ = {isa = PBXFileReference; lastKnownFileType = text.plist.xml; path = Info.plist; sourceTree = "<group>"; };
		28E7309321067E2E00BB8804 /* Gradient.swift */ = {isa = PBXFileReference; lastKnownFileType = sourcecode.swift; path = Gradient.swift; sourceTree = "<group>"; };
/* End PBXFileReference section */

/* Begin PBXFrameworksBuildPhase section */
		289E3F9620FC15E200E676F7 /* Frameworks */ = {
			isa = PBXFrameworksBuildPhase;
			buildActionMask = 2147483647;
			files = (
				2877561820FC2DA6000DF80E /* PaperOnboarding.framework in Frameworks */,
			);
			runOnlyForDeploymentPostprocessing = 0;
		};
/* End PBXFrameworksBuildPhase section */

/* Begin PBXGroup section */
		289E3F9020FC15E200E676F7 = {
			isa = PBXGroup;
			children = (
				2877561720FC2DA6000DF80E /* PaperOnboarding.framework */,
				289E3F9B20FC15E200E676F7 /* draftPrototype */,
				289E3F9A20FC15E200E676F7 /* Products */,
			);
			sourceTree = "<group>";
		};
		289E3F9A20FC15E200E676F7 /* Products */ = {
			isa = PBXGroup;
			children = (
				289E3F9920FC15E200E676F7 /* draftPrototype.app */,
			);
			name = Products;
			sourceTree = "<group>";
		};
		289E3F9B20FC15E200E676F7 /* draftPrototype */ = {
			isa = PBXGroup;
			children = (
				289E3F9C20FC15E200E676F7 /* AppDelegate.swift */,
				289E3F9E20FC15E200E676F7 /* MasterViewController.swift */,
				28E7309321067E2E00BB8804 /* Gradient.swift */,
				289E3FA020FC15E200E676F7 /* Main.storyboard */,
				28927087210517FF009E9FE0 /* Onboarding.storyboard */,
				2892708D210527BE009E9FE0 /* walkthroughViewController.swift */,
				2892708921051C09009E9FE0 /* WalkthroughContentViewController.swift */,
				2892708B2105228C009E9FE0 /* walkthroughPageViewController.swift */,
				289E3FA320FC15E300E676F7 /* Assets.xcassets */,
				289E3FA520FC15E300E676F7 /* LaunchScreen.storyboard */,
				289E3FA820FC15E300E676F7 /* Info.plist */,
			);
			path = draftPrototype;
			sourceTree = "<group>";
		};
/* End PBXGroup section */

/* Begin PBXNativeTarget section */
		289E3F9820FC15E200E676F7 /* draftPrototype */ = {
			isa = PBXNativeTarget;
			buildConfigurationList = 289E3FAB20FC15E300E676F7 /* Build configuration list for PBXNativeTarget "draftPrototype" */;
			buildPhases = (
				289E3F9520FC15E200E676F7 /* Sources */,
				289E3F9620FC15E200E676F7 /* Frameworks */,
				289E3F9720FC15E200E676F7 /* Resources */,
				2877561A20FC2DA6000DF80E /* Embed Frameworks */,
			);
			buildRules = (
			);
			dependencies = (
			);
			name = draftPrototype;
			productName = draftPrototype;
			productReference = 289E3F9920FC15E200E676F7 /* draftPrototype.app */;
			productType = "com.apple.product-type.application";
		};
/* End PBXNativeTarget section */

/* Begin PBXProject section */
		289E3F9120FC15E200E676F7 /* Project object */ = {
			isa = PBXProject;
			attributes = {
				LastSwiftUpdateCheck = 0940;
				LastUpgradeCheck = 0940;
				ORGANIZATIONNAME = "Andrei Kozyrev";
				TargetAttributes = {
					289E3F9820FC15E200E676F7 = {
						CreatedOnToolsVersion = 9.4.1;
					};
				};
			};
			buildConfigurationList = 289E3F9420FC15E200E676F7 /* Build configuration list for PBXProject "draftPrototype" */;
			compatibilityVersion = "Xcode 9.3";
			developmentRegion = en;
			hasScannedForEncodings = 0;
			knownRegions = (
				en,
				Base,
			);
			mainGroup = 289E3F9020FC15E200E676F7;
			productRefGroup = 289E3F9A20FC15E200E676F7 /* Products */;
			projectDirPath = "";
			projectRoot = "";
			targets = (
				289E3F9820FC15E200E676F7 /* draftPrototype */,
			);
		};
/* End PBXProject section */

/* Begin PBXResourcesBuildPhase section */
		289E3F9720FC15E200E676F7 /* Resources */ = {
			isa = PBXResourcesBuildPhase;
			buildActionMask = 2147483647;
			files = (
				289E3FA720FC15E300E676F7 /* LaunchScreen.storyboard in Resources */,
				289E3FA420FC15E300E676F7 /* Assets.xcassets in Resources */,
				289E3FA220FC15E200E676F7 /* Main.storyboard in Resources */,
				28927088210517FF009E9FE0 /* Onboarding.storyboard in Resources */,
			);
			runOnlyForDeploymentPostprocessing = 0;
		};
/* End PBXResourcesBuildPhase section */

/* Begin PBXSourcesBuildPhase section */
		289E3F9520FC15E200E676F7 /* Sources */ = {
			isa = PBXSourcesBuildPhase;
			buildActionMask = 2147483647;
			files = (
				2892708A21051C09009E9FE0 /* WalkthroughContentViewController.swift in Sources */,
				289E3F9F20FC15E200E676F7 /* MasterViewController.swift in Sources */,
				2892708E210527BE009E9FE0 /* walkthroughViewController.swift in Sources */,
				2892708C2105228C009E9FE0 /* walkthroughPageViewController.swift in Sources */,
				289E3F9D20FC15E200E676F7 /* AppDelegate.swift in Sources */,
				28E7309421067E2E00BB8804 /* Gradient.swift in Sources */,
			);
			runOnlyForDeploymentPostprocessing = 0;
		};
/* End PBXSourcesBuildPhase section */

/* Begin PBXVariantGroup section */
		289E3FA020FC15E200E676F7 /* Main.storyboard */ = {
			isa = PBXVariantGroup;
			children = (
				289E3FA120FC15E200E676F7 /* Base */,
			);
			name = Main.storyboard;
			sourceTree = "<group>";
		};
		289E3FA520FC15E300E676F7 /* LaunchScreen.storyboard */ = {
			isa = PBXVariantGroup;
			children = (
				289E3FA620FC15E300E676F7 /* Base */,
			);
			name = LaunchScreen.storyboard;
			sourceTree = "<group>";
		};
/* End PBXVariantGroup section */

/* Begin XCBuildConfiguration section */
		289E3FA920FC15E300E676F7 /* Debug */ = {
			isa = XCBuildConfiguration;
			buildSettings = {
				ALWAYS_SEARCH_USER_PATHS = NO;
				CLANG_ANALYZER_NONNULL = YES;
				CLANG_ANALYZER_NUMBER_OBJECT_CONVERSION = YES_AGGRESSIVE;
				CLANG_CXX_LANGUAGE_STANDARD = "gnu++14";
				CLANG_CXX_LIBRARY = "libc++";
				CLANG_ENABLE_MODULES = YES;
				CLANG_ENABLE_OBJC_ARC = YES;
				CLANG_ENABLE_OBJC_WEAK = YES;
				CLANG_WARN_BLOCK_CAPTURE_AUTORELEASING = YES;
				CLANG_WARN_BOOL_CONVERSION = YES;
				CLANG_WARN_COMMA = YES;
				CLANG_WARN_CONSTANT_CONVERSION = YES;
				CLANG_WARN_DEPRECATED_OBJC_IMPLEMENTATIONS = YES;
				CLANG_WARN_DIRECT_OBJC_ISA_USAGE = YES_ERROR;
				CLANG_WARN_DOCUMENTATION_COMMENTS = YES;
				CLANG_WARN_EMPTY_BODY = YES;
				CLANG_WARN_ENUM_CONVERSION = YES;
				CLANG_WARN_INFINITE_RECURSION = YES;
				CLANG_WARN_INT_CONVERSION = YES;
				CLANG_WARN_NON_LITERAL_NULL_CONVERSION = YES;
				CLANG_WARN_OBJC_IMPLICIT_RETAIN_SELF = YES;
				CLANG_WARN_OBJC_LITERAL_CONVERSION = YES;
				CLANG_WARN_OBJC_ROOT_CLASS = YES_ERROR;
				CLANG_WARN_RANGE_LOOP_ANALYSIS = YES;
				CLANG_WARN_STRICT_PROTOTYPES = YES;
				CLANG_WARN_SUSPICIOUS_MOVE = YES;
				CLANG_WARN_UNGUARDED_AVAILABILITY = YES_AGGRESSIVE;
				CLANG_WARN_UNREACHABLE_CODE = YES;
				CLANG_WARN__DUPLICATE_METHOD_MATCH = YES;
				CODE_SIGN_IDENTITY = "iPhone Developer";
				COPY_PHASE_STRIP = NO;
				DEBUG_INFORMATION_FORMAT = dwarf;
				ENABLE_STRICT_OBJC_MSGSEND = YES;
				ENABLE_TESTABILITY = YES;
				GCC_C_LANGUAGE_STANDARD = gnu11;
				GCC_DYNAMIC_NO_PIC = NO;
				GCC_NO_COMMON_BLOCKS = YES;
				GCC_OPTIMIZATION_LEVEL = 0;
				GCC_PREPROCESSOR_DEFINITIONS = (
					"DEBUG=1",
					"$(inherited)",
				);
				GCC_WARN_64_TO_32_BIT_CONVERSION = YES;
				GCC_WARN_ABOUT_RETURN_TYPE = YES_ERROR;
				GCC_WARN_UNDECLARED_SELECTOR = YES;
				GCC_WARN_UNINITIALIZED_AUTOS = YES_AGGRESSIVE;
				GCC_WARN_UNUSED_FUNCTION = YES;
				GCC_WARN_UNUSED_VARIABLE = YES;
				IPHONEOS_DEPLOYMENT_TARGET = 11.4;
				MTL_ENABLE_DEBUG_INFO = YES;
				ONLY_ACTIVE_ARCH = YES;
				SDKROOT = iphoneos;
				SWIFT_ACTIVE_COMPILATION_CONDITIONS = DEBUG;
				SWIFT_OPTIMIZATION_LEVEL = "-Onone";
			};
			name = Debug;
		};
		289E3FAA20FC15E300E676F7 /* Release */ = {
			isa = XCBuildConfiguration;
			buildSettings = {
				ALWAYS_SEARCH_USER_PATHS = NO;
				CLANG_ANALYZER_NONNULL = YES;
				CLANG_ANALYZER_NUMBER_OBJECT_CONVERSION = YES_AGGRESSIVE;
				CLANG_CXX_LANGUAGE_STANDARD = "gnu++14";
				CLANG_CXX_LIBRARY = "libc++";
				CLANG_ENABLE_MODULES = YES;
				CLANG_ENABLE_OBJC_ARC = YES;
				CLANG_ENABLE_OBJC_WEAK = YES;
				CLANG_WARN_BLOCK_CAPTURE_AUTORELEASING = YES;
				CLANG_WARN_BOOL_CONVERSION = YES;
				CLANG_WARN_COMMA = YES;
				CLANG_WARN_CONSTANT_CONVERSION = YES;
				CLANG_WARN_DEPRECATED_OBJC_IMPLEMENTATIONS = YES;
				CLANG_WARN_DIRECT_OBJC_ISA_USAGE = YES_ERROR;
				CLANG_WARN_DOCUMENTATION_COMMENTS = YES;
				CLANG_WARN_EMPTY_BODY = YES;
				CLANG_WARN_ENUM_CONVERSION = YES;
				CLANG_WARN_INFINITE_RECURSION = YES;
				CLANG_WARN_INT_CONVERSION = YES;
				CLANG_WARN_NON_LITERAL_NULL_CONVERSION = YES;
				CLANG_WARN_OBJC_IMPLICIT_RETAIN_SELF = YES;
				CLANG_WARN_OBJC_LITERAL_CONVERSION = YES;
				CLANG_WARN_OBJC_ROOT_CLASS = YES_ERROR;
				CLANG_WARN_RANGE_LOOP_ANALYSIS = YES;
				CLANG_WARN_STRICT_PROTOTYPES = YES;
				CLANG_WARN_SUSPICIOUS_MOVE = YES;
				CLANG_WARN_UNGUARDED_AVAILABILITY = YES_AGGRESSIVE;
				CLANG_WARN_UNREACHABLE_CODE = YES;
				CLANG_WARN__DUPLICATE_METHOD_MATCH = YES;
				CODE_SIGN_IDENTITY = "iPhone Developer";
				COPY_PHASE_STRIP = NO;
				DEBUG_INFORMATION_FORMAT = "dwarf-with-dsym";
				ENABLE_NS_ASSERTIONS = NO;
				ENABLE_STRICT_OBJC_MSGSEND = YES;
				GCC_C_LANGUAGE_STANDARD = gnu11;
				GCC_NO_COMMON_BLOCKS = YES;
				GCC_WARN_64_TO_32_BIT_CONVERSION = YES;
				GCC_WARN_ABOUT_RETURN_TYPE = YES_ERROR;
				GCC_WARN_UNDECLARED_SELECTOR = YES;
				GCC_WARN_UNINITIALIZED_AUTOS = YES_AGGRESSIVE;
				GCC_WARN_UNUSED_FUNCTION = YES;
				GCC_WARN_UNUSED_VARIABLE = YES;
				IPHONEOS_DEPLOYMENT_TARGET = 11.4;
				MTL_ENABLE_DEBUG_INFO = NO;
				SDKROOT = iphoneos;
				SWIFT_COMPILATION_MODE = wholemodule;
				SWIFT_OPTIMIZATION_LEVEL = "-O";
				VALIDATE_PRODUCT = YES;
			};
			name = Release;
		};
		289E3FAC20FC15E300E676F7 /* Debug */ = {
			isa = XCBuildConfiguration;
			buildSettings = {
				ASSETCATALOG_COMPILER_APPICON_NAME = AppIcon;
				CODE_SIGN_STYLE = Automatic;
				DEVELOPMENT_TEAM = 96X9W6T55N;
				FRAMEWORK_SEARCH_PATHS = (
					"$(inherited)",
					"$(PROJECT_DIR)/Carthage/Build/iOS",
				);
				INFOPLIST_FILE = draftPrototype/Info.plist;
				LD_RUNPATH_SEARCH_PATHS = (
					"$(inherited)",
					"@executable_path/Frameworks",
				);
				PRODUCT_BUNDLE_IDENTIFIER = aak85.prototype.draftPrototype;
				PRODUCT_NAME = "$(TARGET_NAME)";
				SWIFT_VERSION = 4.0;
				TARGETED_DEVICE_FAMILY = "1,2";
			};
			name = Debug;
		};
		289E3FAD20FC15E300E676F7 /* Release */ = {
			isa = XCBuildConfiguration;
			buildSettings = {
				ASSETCATALOG_COMPILER_APPICON_NAME = AppIcon;
				CODE_SIGN_STYLE = Automatic;
				DEVELOPMENT_TEAM = 96X9W6T55N;
				FRAMEWORK_SEARCH_PATHS = (
					"$(inherited)",
					"$(PROJECT_DIR)/Carthage/Build/iOS",
				);
				INFOPLIST_FILE = draftPrototype/Info.plist;
				LD_RUNPATH_SEARCH_PATHS = (
					"$(inherited)",
					"@executable_path/Frameworks",
				);
				PRODUCT_BUNDLE_IDENTIFIER = aak85.prototype.draftPrototype;
				PRODUCT_NAME = "$(TARGET_NAME)";
				SWIFT_VERSION = 4.0;
				TARGETED_DEVICE_FAMILY = "1,2";
			};
			name = Release;
		};
/* End XCBuildConfiguration section */

/* Begin XCConfigurationList section */
		289E3F9420FC15E200E676F7 /* Build configuration list for PBXProject "draftPrototype" */ = {
			isa = XCConfigurationList;
			buildConfigurations = (
				289E3FA920FC15E300E676F7 /* Debug */,
				289E3FAA20FC15E300E676F7 /* Release */,
			);
			defaultConfigurationIsVisible = 0;
			defaultConfigurationName = Release;
		};
		289E3FAB20FC15E300E676F7 /* Build configuration list for PBXNativeTarget "draftPrototype" */ = {
			isa = XCConfigurationList;
			buildConfigurations = (
				289E3FAC20FC15E300E676F7 /* Debug */,
				289E3FAD20FC15E300E676F7 /* Release */,
			);
			defaultConfigurationIsVisible = 0;
			defaultConfigurationName = Release;
		};
/* End XCConfigurationList section */
	};
	rootObject = 289E3F9120FC15E200E676F7 /* Project object */;
}
